
Microsoft Visual Studio Solution File, Format Version 12.00
# Visual Studio Version 17
VisualStudioVersion = 17.4.33110.190
MinimumVisualStudioVersion = 10.0.40219.1
Project("{FAE04EC0-301F-11D3-BF4B-00C04F79EFBC}") = "AgentFox", "AgentFox\AgentFox.csproj", "{34E6FE8A-09FB-40D3-B260-6A3C8644718A}"
EndProject
Global
	GlobalSection(SolutionConfigurationPlatforms) = preSolution
		Debug|Any CPU = Debug|Any CPU
		Release|Any CPU = Release|Any CPU
	EndGlobalSection
	GlobalSection(ProjectConfigurationPlatforms) = postSolution
		{34E6FE8A-09FB-40D3-B260-6A3C8644718A}.Debug|Any CPU.ActiveCfg = Debug|Any CPU
		{34E6FE8A-09FB-40D3-B260-6A3C8644718A}.Debug|Any CPU.Build.0 = Debug|Any CPU
		{34E6FE8A-09FB-40D3-B260-6A3C8644718A}.Release|Any CPU.ActiveCfg = Release|Any CPU
		{34E6FE8A-09FB-40D3-B260-6A3C8644718A}.Release|Any CPU.Build.0 = Release|Any CPU
	EndGlobalSection
	GlobalSection(SolutionProperties) = preSolution
		HideSolutionNode = FALSE
	EndGlobalSection
	GlobalSection(ExtensibilityGlobals) = postSolution
		SolutionGuid = {B9F12A3E-1F2B-4208-A784-9C70166FA074}
	EndGlobalSection
EndGlobal
